
Microsoft Visual Studio Solution File, Format Version 12.00
# Visual Studio Version 16
VisualStudioVersion = 16.0.35731.53
MinimumVisualStudioVersion = 10.0.40219.1
Project("{FAE04EC0-301F-11D3-BF4B-00C04F79EFBC}") = "PastaPisirmeSüreci", "PastaPisirmeSüreci\PastaPisirmeSüreci.csproj", "{C427D848-2623-43D2-A79B-05D772A1DE32}"
EndProject
Global
	GlobalSection(SolutionConfigurationPlatforms) = preSolution
		Debug|Any CPU = Debug|Any CPU
		Release|Any CPU = Release|Any CPU
	EndGlobalSection
	GlobalSection(ProjectConfigurationPlatforms) = postSolution
		{C427D848-2623-43D2-A79B-05D772A1DE32}.Debug|Any CPU.ActiveCfg = Debug|Any CPU
		{C427D848-2623-43D2-A79B-05D772A1DE32}.Debug|Any CPU.Build.0 = Debug|Any CPU
		{C427D848-2623-43D2-A79B-05D772A1DE32}.Release|Any CPU.ActiveCfg = Release|Any CPU
		{C427D848-2623-43D2-A79B-05D772A1DE32}.Release|Any CPU.Build.0 = Release|Any CPU
	EndGlobalSection
	GlobalSection(SolutionProperties) = preSolution
		HideSolutionNode = FALSE
	EndGlobalSection
	GlobalSection(ExtensibilityGlobals) = postSolution
		SolutionGuid = {67A61282-DF02-4531-A855-2D01E265F239}
	EndGlobalSection
EndGlobal
